// !$*UTF8*$!
{
	archiveVersion = 1;
	classes = {
	};
	objectVersion = 77;
	objects = {

/* Begin PBXContainerItemProxy section */
		DE23BC3C30239EB6001CDBAA /* PBXContainerItemProxy */ = {
			isa = PBXContainerItemProxy;
			containerPortal = DE23BC2430239EB4001CDBAA /* Project object */;
			proxyType = 1;
			remoteGlobalIDString = DE23BC2B30239EB4001CDBAA;
			remoteInfo = NativeMaintenanceNote;
		};
		DE23BC4630239EB6001CDBAA /* PBXContainerItemProxy */ = {
			isa = PBXContainerItemProxy;
			containerPortal = DE23BC2430239EB4001CDBAA /* Project object */;
			proxyType = 1;
			remoteGlobalIDString = DE23BC2B30239EB4001CDBAA;
			remoteInfo = NativeMaintenanceNote;
		};
/* End PBXContainerItemProxy section */

/* Begin PBXFileReference section */
		DE23BC2C30239EB4001CDBAA /* NativeMaintenanceNote.app */ = {isa = PBXFileReference; explicitFileType = wrapper.application; includeInIndex = 0; path = NativeMaintenanceNote.app; sourceTree = BUILT_PRODUCTS_DIR; };
		DE23BC3B30239EB6001CDBAA /* NativeMaintenanceNoteTests.xctest */ = {isa = PBXFileReference; explicitFileType = wrapper.cfbundle; includeInIndex = 0; path = NativeMaintenanceNoteTests.xctest; sourceTree = BUILT_PRODUCTS_DIR; };
		DE23BC4530239EB6001CDBAA /* NativeMaintenanceNoteUITests.xctest */ = {isa = PBXFileReference; explicitFileType = wrapper.cfbundle; includeInIndex = 0; path = NativeMaintenanceNoteUITests.xctest; sourceTree = BUILT_PRODUCTS_DIR; };
/* End PBXFileReference section */

/* Begin PBXFileSystemSynchronizedRootGroup section */
		DE23BC2E30239EB4001CDBAA /* NativeMaintenanceNote */ = {
			isa = PBXFileSystemSynchronizedRootGroup;
			path = NativeMaintenanceNote;
			sourceTree = "<group>";
		};
		DE23BC3E30239EB6001CDBAA /* NativeMaintenanceNoteTests */ = {
			isa = PBXFileSystemSynchronizedRootGroup;
			path = NativeMaintenanceNoteTests;
			sourceTree = "<group>";
		};
		DE23BC4830239EB6001CDBAA /* NativeMaintenanceNoteUITests */ = {
			isa = PBXFileSystemSynchronizedRootGroup;
			path = NativeMaintenanceNoteUITests;
			sourceTree = "<group>";
		};
/* End PBXFileSystemSynchronizedRootGroup section */

/* Begin PBXFrameworksBuildPhase section */
		DE23BC2930239EB4001CDBAA /* Frameworks */ = {
			isa = PBXFrameworksBuildPhase;
			buildActionMask = 2147483647;
			files = (
			);
			runOnlyForDeploymentPostprocessing = 0;
		};
		DE23BC3830239EB6001CDBAA /* Frameworks */ = {
			isa = PBXFrameworksBuildPhase;
			buildActionMask = 2147483647;
			files = (
			);
			runOnlyForDeploymentPostprocessing = 0;
		};
		DE23BC4230239EB6001CDBAA /* Frameworks */ = {
			isa = PBXFrameworksBuildPhase;
			buildActionMask = 2147483647;
			files = (
			);
			runOnlyForDeploymentPostprocessing = 0;
		};
/* End PBXFrameworksBuildPhase section */

/* Begin PBXGroup section */
		DE23BC2330239EB4001CDBAA = {
			isa = PBXGroup;
			children = (
				DE23BC2E30239EB4001CDBAA /* NativeMaintenanceNote */,
				DE23BC3E30239EB6001CDBAA /* NativeMaintenanceNoteTests */,
				DE23BC4830239EB6001CDBAA /* NativeMaintenanceNoteUITests */,
				DE23BC2D30239EB4001CDBAA /* Products */,
			);
			sourceTree = "<group>";
		};
		DE23BC2D30239EB4001CDBAA /* Products */ = {
			isa = PBXGroup;
			children = (
				DE23BC2C30239EB4001CDBAA /* NativeMaintenanceNote.app */,
				DE23BC3B30239EB6001CDBAA /* NativeMaintenanceNoteTests.xctest */,
				DE23BC4530239EB6001CDBAA /* NativeMaintenanceNoteUITests.xctest */,
			);
			name = Products;
			sourceTree = "<group>";
		};
/* End PBXGroup section */

/* Begin PBXNativeTarget section */
		DE23BC2B30239EB4001CDBAA /* NativeMaintenanceNote */ = {
			isa = PBXNativeTarget;
			buildConfigurationList = DE23BC4F30239EB6001CDBAA /* Build configuration list for PBXNativeTarget "NativeMaintenanceNote" */;
			buildPhases = (
				DE23BC2830239EB4001CDBAA /* Sources */,
				DE23BC2930239EB4001CDBAA /* Frameworks */,
				DE23BC2A30239EB4001CDBAA /* Resources */,
			);
			buildRules = (
			);
			dependencies = (
			);
			fileSystemSynchronizedGroups = (
				DE23BC2E30239EB4001CDBAA /* NativeMaintenanceNote */,
			);
			name = NativeMaintenanceNote;
			packageProductDependencies = (
			);
			productName = NativeMaintenanceNote;
			productReference = DE23BC2C30239EB4001CDBAA /* NativeMaintenanceNote.app */;
			productType = "com.apple.product-type.application";
		};
		DE23BC3A30239EB6001CDBAA /* NativeMaintenanceNoteTests */ = {
			isa = PBXNativeTarget;
			buildConfigurationList = DE23BC5230239EB6001CDBAA /* Build configuration list for PBXNativeTarget "NativeMaintenanceNoteTests" */;
			buildPhases = (
				DE23BC3730239EB6001CDBAA /* Sources */,
				DE23BC3830239EB6001CDBAA /* Frameworks */,
				DE23BC3930239EB6001CDBAA /* Resources */,
			);
			buildRules = (
			);
			dependencies = (
				DE23BC3D30239EB6001CDBAA /* PBXTargetDependency */,
			);
			fileSystemSynchronizedGroups = (
				DE23BC3E30239EB6001CDBAA /* NativeMaintenanceNoteTests */,
			);
			name = NativeMaintenanceNoteTests;
			packageProductDependencies = (
			);
			productName = NativeMaintenanceNoteTests;
			productReference = DE23BC3B30239EB6001CDBAA /* NativeMaintenanceNoteTests.xctest */;
			productType = "com.apple.product-type.bundle.unit-test";
		};
		DE23BC4430239EB6001CDBAA /* NativeMaintenanceNoteUITests */ = {
			isa = PBXNativeTarget;
			buildConfigurationList = DE23BC5530239EB6001CDBAA /* Build configuration list for PBXNativeTarget "NativeMaintenanceNoteUITests" */;
			buildPhases = (
				DE23BC4130239EB6001CDBAA /* Sources */,
				DE23BC4230239EB6001CDBAA /* Frameworks */,
				DE23BC4330239EB6001CDBAA /* Resources */,
			);
			buildRules = (
			);
			dependencies = (
				DE23BC4730239EB6001CDBAA /* PBXTargetDependency */,
			);
			fileSystemSynchronizedGroups = (
				DE23BC4830239EB6001CDBAA /* NativeMaintenanceNoteUITests */,
			);
			name = NativeMaintenanceNoteUITests;
			packageProductDependencies = (
			);
			productName = NativeMaintenanceNoteUITests;
			productReference = DE23BC4530239EB6001CDBAA /* NativeMaintenanceNoteUITests.xctest */;
			productType = "com.apple.product-type.bundle.ui-testing";
		};
/* End PBXNativeTarget section */

/* Begin PBXProject section */
		DE23BC2430239EB4001CDBAA /* Project object */ = {
			isa = PBXProject;
			attributes = {
				BuildIndependentTargetsInParallel = 1;
				LastSwiftUpdateCheck = 2660;
				LastUpgradeCheck = 2660;
				TargetAttributes = {
					DE23BC2B30239EB4001CDBAA = {
						CreatedOnToolsVersion = 26.6;
					};
					DE23BC3A30239EB6001CDBAA = {
						CreatedOnToolsVersion = 26.6;
						TestTargetID = DE23BC2B30239EB4001CDBAA;
					};
					DE23BC4430239EB6001CDBAA = {
						CreatedOnToolsVersion = 26.6;
						TestTargetID = DE23BC2B30239EB4001CDBAA;
					};
				};
			};
			buildConfigurationList = DE23BC2730239EB4001CDBAA /* Build configuration list for PBXProject "NativeMaintenanceNote" */;
			developmentRegion = en;
			hasScannedForEncodings = 0;
			knownRegions = (
				en,
				Base,
			);
			mainGroup = DE23BC2330239EB4001CDBAA;
			minimizedProjectReferenceProxies = 1;
			preferredProjectObjectVersion = 77;
			productRefGroup = DE23BC2D30239EB4001CDBAA /* Products */;
			projectDirPath = "";
			projectRoot = "";
			targets = (
				DE23BC2B30239EB4001CDBAA /* NativeMaintenanceNote */,
				DE23BC3A30239EB6001CDBAA /* NativeMaintenanceNoteTests */,
				DE23BC4430239EB6001CDBAA /* NativeMaintenanceNoteUITests */,
			);
		};
/* End PBXProject section */

/* Begin PBXResourcesBuildPhase section */
		DE23BC2A30239EB4001CDBAA /* Resources */ = {
			isa = PBXResourcesBuildPhase;
			buildActionMask = 2147483647;
			files = (
			);
			runOnlyForDeploymentPostprocessing = 0;
		};
		DE23BC3930239EB6001CDBAA /* Resources */ = {
			isa = PBXResourcesBuildPhase;
			buildActionMask = 2147483647;
			files = (
			);
			runOnlyForDeploymentPostprocessing = 0;
		};
		DE23BC4330239EB6001CDBAA /* Resources */ = {
			isa = PBXResourcesBuildPhase;
			buildActionMask = 2147483647;
			files = (
			);
			runOnlyForDeploymentPostprocessing = 0;
		};
/* End PBXResourcesBuildPhase section */

/* Begin PBXSourcesBuildPhase section */
		DE23BC2830239EB4001CDBAA /* Sources */ = {
			isa = PBXSourcesBuildPhase;
			buildActionMask = 2147483647;
			files = (
			);
			runOnlyForDeploymentPostprocessing = 0;
		};
		DE23BC3730239EB6001CDBAA /* Sources */ = {
			isa = PBXSourcesBuildPhase;
			buildActionMask = 2147483647;
			files = (
			);
			runOnlyForDeploymentPostprocessing = 0;
		};
		DE23BC4130239EB6001CDBAA /* Sources */ = {
			isa = PBXSourcesBuildPhase;
			buildActionMask = 2147483647;
			files = (
			);
			runOnlyForDeploymentPostprocessing = 0;
		};
/* End PBXSourcesBuildPhase section */

/* Begin PBXTargetDependency section */
		DE23BC3D30239EB6001CDBAA /* PBXTargetDependency */ = {
			isa = PBXTargetDependency;
			target = DE23BC2B30239EB4001CDBAA /* NativeMaintenanceNote */;
			targetProxy = DE23BC3C30239EB6001CDBAA /* PBXContainerItemProxy */;
		};
		DE23BC4730239EB6001CDBAA /* PBXTargetDependency */ = {
			isa = PBXTargetDependency;
			target = DE23BC2B30239EB4001CDBAA /* NativeMaintenanceNote */;
			targetProxy = DE23BC4630239EB6001CDBAA /* PBXContainerItemProxy */;
		};
/* End PBXTargetDependency section */

/* Begin XCBuildConfiguration section */
		DE23BC4D30239EB6001CDBAA /* Debug */ = {
			isa = XCBuildConfiguration;
			buildSettings = {
				ALWAYS_SEARCH_USER_PATHS = NO;
				ASSETCATALOG_COMPILER_GENERATE_SWIFT_ASSET_SYMBOL_EXTENSIONS = YES;
				CLANG_ANALYZER_NONNULL = YES;
				CLANG_ANALYZER_NUMBER_OBJECT_CONVERSION = YES_AGGRESSIVE;
				CLANG_CXX_LANGUAGE_STANDARD = "gnu++20";
				CLANG_ENABLE_MODULES = YES;
				CLANG_ENABLE_OBJC_ARC = YES;
				CLANG_ENABLE_OBJC_WEAK = YES;
				CLANG_WARN_BLOCK_CAPTURE_AUTORELEASING = YES;
				CLANG_WARN_BOOL_CONVERSION = YES;
				CLANG_WARN_COMMA = YES;
				CLANG_WARN_CONSTANT_CONVERSION = YES;
				CLANG_WARN_DEPRECATED_OBJC_IMPLEMENTATIONS = YES;
				CLANG_WARN_DIRECT_OBJC_ISA_USAGE = YES_ERROR;
				CLANG_WARN_DOCUMENTATION_COMMENTS = YES;
				CLANG_WARN_EMPTY_BODY = YES;
				CLANG_WARN_ENUM_CONVERSION = YES;
				CLANG_WARN_INFINITE_RECURSION = YES;
				CLANG_WARN_INT_CONVERSION = YES;
				CLANG_WARN_NON_LITERAL_NULL_CONVERSION = YES;
				CLANG_WARN_OBJC_IMPLICIT_RETAIN_SELF = YES;
				CLANG_WARN_OBJC_LITERAL_CONVERSION = YES;
				CLANG_WARN_OBJC_ROOT_CLASS = YES_ERROR;
				CLANG_WARN_QUOTED_INCLUDE_IN_FRAMEWORK_HEADER = YES;
				CLANG_WARN_RANGE_LOOP_ANALYSIS = YES;
				CLANG_WARN_STRICT_PROTOTYPES = YES;
				CLANG_WARN_SUSPICIOUS_MOVE = YES;
				CLANG_WARN_UNGUARDED_AVAILABILITY = YES_AGGRESSIVE;
				CLANG_WARN_UNREACHABLE_CODE = YES;
				CLANG_WARN__DUPLICATE_METHOD_MATCH = YES;
				COPY_PHASE_STRIP = NO;
				DEBUG_INFORMATION_FORMAT = dwarf;
				DEVELOPMENT_TEAM = FFTQ97Y8M6;
				ENABLE_STRICT_OBJC_MSGSEND = YES;
				ENABLE_TESTABILITY = YES;
				ENABLE_USER_SCRIPT_SANDBOXING = YES;
				GCC_C_LANGUAGE_STANDARD = gnu17;
				GCC_DYNAMIC_NO_PIC = NO;
				GCC_NO_COMMON_BLOCKS = YES;
				GCC_OPTIMIZATION_LEVEL = 0;
				GCC_PREPROCESSOR_DEFINITIONS = (
					"DEBUG=1",
					"$(inherited)",
				);
				GCC_WARN_64_TO_32_BIT_CONVERSION = YES;
				GCC_WARN_ABOUT_RETURN_TYPE = YES_ERROR;
				GCC_WARN_UNDECLARED_SELECTOR = YES;
				GCC_WARN_UNINITIALIZED_AUTOS = YES_AGGRESSIVE;
				GCC_WARN_UNUSED_FUNCTION = YES;
				GCC_WARN_UNUSED_VARIABLE = YES;
				IPHONEOS_DEPLOYMENT_TARGET = 26.5;
				LOCALIZATION_PREFERS_STRING_CATALOGS = YES;
				MTL_ENABLE_DEBUG_INFO = INCLUDE_SOURCE;
				MTL_FAST_MATH = YES;
				ONLY_ACTIVE_ARCH = YES;
				SDKROOT = iphoneos;
				SWIFT_ACTIVE_COMPILATION_CONDITIONS = "DEBUG $(inherited)";
				SWIFT_OPTIMIZATION_LEVEL = "-Onone";
			};
			name = Debug;
		};
		DE23BC4E30239EB6001CDBAA /* Release */ = {
			isa = XCBuildConfiguration;
			buildSettings = {
				ALWAYS_SEARCH_USER_PATHS = NO;
				ASSETCATALOG_COMPILER_GENERATE_SWIFT_ASSET_SYMBOL_EXTENSIONS = YES;
				CLANG_ANALYZER_NONNULL = YES;
				CLANG_ANALYZER_NUMBER_OBJECT_CONVERSION = YES_AGGRESSIVE;
				CLANG_CXX_LANGUAGE_STANDARD = "gnu++20";
				CLANG_ENABLE_MODULES = YES;
				CLANG_ENABLE_OBJC_ARC = YES;
				CLANG_ENABLE_OBJC_WEAK = YES;
				CLANG_WARN_BLOCK_CAPTURE_AUTORELEASING = YES;
				CLANG_WARN_BOOL_CONVERSION = YES;
				CLANG_WARN_COMMA = YES;
				CLANG_WARN_CONSTANT_CONVERSION = YES;
				CLANG_WARN_DEPRECATED_OBJC_IMPLEMENTATIONS = YES;
				CLANG_WARN_DIRECT_OBJC_ISA_USAGE = YES_ERROR;
				CLANG_WARN_DOCUMENTATION_COMMENTS = YES;
				CLANG_WARN_EMPTY_BODY = YES;
				CLANG_WARN_ENUM_CONVERSION = YES;
				CLANG_WARN_INFINITE_RECURSION = YES;
				CLANG_WARN_INT_CONVERSION = YES;
				CLANG_WARN_NON_LITERAL_NULL_CONVERSION = YES;
				CLANG_WARN_OBJC_IMPLICIT_RETAIN_SELF = YES;
				CLANG_WARN_OBJC_LITERAL_CONVERSION = YES;
				CLANG_WARN_OBJC_ROOT_CLASS = YES_ERROR;
				CLANG_WARN_QUOTED_INCLUDE_IN_FRAMEWORK_HEADER = YES;
				CLANG_WARN_RANGE_LOOP_ANALYSIS = YES;
				CLANG_WARN_STRICT_PROTOTYPES = YES;
				CLANG_WARN_SUSPICIOUS_MOVE = YES;
				CLANG_WARN_UNGUARDED_AVAILABILITY = YES_AGGRESSIVE;
				CLANG_WARN_UNREACHABLE_CODE = YES;
				CLANG_WARN__DUPLICATE_METHOD_MATCH = YES;
				COPY_PHASE_STRIP = NO;
				DEBUG_INFORMATION_FORMAT = "dwarf-with-dsym";
				DEVELOPMENT_TEAM = FFTQ97Y8M6;
				ENABLE_NS_ASSERTIONS = NO;
				ENABLE_STRICT_OBJC_MSGSEND = YES;
				ENABLE_USER_SCRIPT_SANDBOXING = YES;
				GCC_C_LANGUAGE_STANDARD = gnu17;
				GCC_NO_COMMON_BLOCKS = YES;
				GCC_WARN_64_TO_32_BIT_CONVERSION = YES;
				GCC_WARN_ABOUT_RETURN_TYPE = YES_ERROR;
				GCC_WARN_UNDECLARED_SELECTOR = YES;
				GCC_WARN_UNINITIALIZED_AUTOS = YES_AGGRESSIVE;
				GCC_WARN_UNUSED_FUNCTION = YES;
				GCC_WARN_UNUSED_VARIABLE = YES;
				IPHONEOS_DEPLOYMENT_TARGET = 26.5;
				LOCALIZATION_PREFERS_STRING_CATALOGS = YES;
				MTL_ENABLE_DEBUG_INFO = NO;
				MTL_FAST_MATH = YES;
				SDKROOT = iphoneos;
				SWIFT_COMPILATION_MODE = wholemodule;
				VALIDATE_PRODUCT = YES;
			};
			name = Release;
		};
		DE23BC5030239EB6001CDBAA /* Debug */ = {
			isa = XCBuildConfiguration;
			buildSettings = {
				ASSETCATALOG_COMPILER_APPICON_NAME = AppIcon;
				ASSETCATALOG_COMPILER_GLOBAL_ACCENT_COLOR_NAME = AccentColor;
				CODE_SIGN_STYLE = Automatic;
				CURRENT_PROJECT_VERSION = 1;
				DEVELOPMENT_TEAM = FFTQ97Y8M6;
				ENABLE_PREVIEWS = YES;
				GENERATE_INFOPLIST_FILE = YES;
				INFOPLIST_KEY_UIApplicationSceneManifest_Generation = YES;
				INFOPLIST_KEY_UIApplicationSupportsIndirectInputEvents = YES;
				INFOPLIST_KEY_UILaunchScreen_Generation = YES;
				INFOPLIST_KEY_UISupportedInterfaceOrientations_iPad = "UIInterfaceOrientationPortrait UIInterfaceOrientationPortraitUpsideDown UIInterfaceOrientationLandscapeLeft UIInterfaceOrientationLandscapeRight";
				INFOPLIST_KEY_UISupportedInterfaceOrientations_iPhone = "UIInterfaceOrientationPortrait UIInterfaceOrientationLandscapeLeft UIInterfaceOrientationLandscapeRight";
				LD_RUNPATH_SEARCH_PATHS = (
					"$(inherited)",
					"@executable_path/Frameworks",
				);
				MARKETING_VERSION = 1.0;
				PRODUCT_BUNDLE_IDENTIFIER = com.ramilen.NativeMaintenanceNote;
				PRODUCT_NAME = "$(TARGET_NAME)";
				STRING_CATALOG_GENERATE_SYMBOLS = YES;
				SWIFT_APPROACHABLE_CONCURRENCY = YES;
				SWIFT_DEFAULT_ACTOR_ISOLATION = MainActor;
				SWIFT_EMIT_LOC_STRINGS = YES;
				SWIFT_UPCOMING_FEATURE_MEMBER_IMPORT_VISIBILITY = YES;
				SWIFT_VERSION = 5.0;
				TARGETED_DEVICE_FAMILY = "1,2";
			};
			name = Debug;
		};
		DE23BC5130239EB6001CDBAA /* Release */ = {
			isa = XCBuildConfiguration;
			buildSettings = {
				ASSETCATALOG_COMPILER_APPICON_NAME = AppIcon;
				ASSETCATALOG_COMPILER_GLOBAL_ACCENT_COLOR_NAME = AccentColor;
				CODE_SIGN_STYLE = Automatic;
				CURRENT_PROJECT_VERSION = 1;
				DEVELOPMENT_TEAM = FFTQ97Y8M6;
				ENABLE_PREVIEWS = YES;
				GENERATE_INFOPLIST_FILE = YES;
				INFOPLIST_KEY_UIApplicationSceneManifest_Generation = YES;
				INFOPLIST_KEY_UIApplicationSupportsIndirectInputEvents = YES;
				INFOPLIST_KEY_UILaunchScreen_Generation = YES;
				INFOPLIST_KEY_UISupportedInterfaceOrientations_iPad = "UIInterfaceOrientationPortrait UIInterfaceOrientationPortraitUpsideDown UIInterfaceOrientationLandscapeLeft UIInterfaceOrientationLandscapeRight";
				INFOPLIST_KEY_UISupportedInterfaceOrientations_iPhone = "UIInterfaceOrientationPortrait UIInterfaceOrientationLandscapeLeft UIInterfaceOrientationLandscapeRight";
				LD_RUNPATH_SEARCH_PATHS = (
					"$(inherited)",
					"@executable_path/Frameworks",
				);
				MARKETING_VERSION = 1.0;
				PRODUCT_BUNDLE_IDENTIFIER = com.ramilen.NativeMaintenanceNote;
				PRODUCT_NAME = "$(TARGET_NAME)";
				STRING_CATALOG_GENERATE_SYMBOLS = YES;
				SWIFT_APPROACHABLE_CONCURRENCY = YES;
				SWIFT_DEFAULT_ACTOR_ISOLATION = MainActor;
				SWIFT_EMIT_LOC_STRINGS = YES;
				SWIFT_UPCOMING_FEATURE_MEMBER_IMPORT_VISIBILITY = YES;
				SWIFT_VERSION = 5.0;
				TARGETED_DEVICE_FAMILY = "1,2";
			};
			name = Release;
		};
		DE23BC5330239EB6001CDBAA /* Debug */ = {
			isa = XCBuildConfiguration;
			buildSettings = {
				BUNDLE_LOADER = "$(TEST_HOST)";
				CODE_SIGN_STYLE = Automatic;
				CURRENT_PROJECT_VERSION = 1;
				DEVELOPMENT_TEAM = FFTQ97Y8M6;
				GENERATE_INFOPLIST_FILE = YES;
				IPHONEOS_DEPLOYMENT_TARGET = 26.5;
				MARKETING_VERSION = 1.0;
				PRODUCT_BUNDLE_IDENTIFIER = com.ramilen.NativeMaintenanceNoteTests;
				PRODUCT_NAME = "$(TARGET_NAME)";
				STRING_CATALOG_GENERATE_SYMBOLS = NO;
				SWIFT_APPROACHABLE_CONCURRENCY = YES;
				SWIFT_EMIT_LOC_STRINGS = NO;
				SWIFT_UPCOMING_FEATURE_MEMBER_IMPORT_VISIBILITY = YES;
				SWIFT_VERSION = 5.0;
				TARGETED_DEVICE_FAMILY = "1,2";
				TEST_HOST = "$(BUILT_PRODUCTS_DIR)/NativeMaintenanceNote.app/$(BUNDLE_EXECUTABLE_FOLDER_PATH)/NativeMaintenanceNote";
			};
			name = Debug;
		};
		DE23BC5430239EB6001CDBAA /* Release */ = {
			isa = XCBuildConfiguration;
			buildSettings = {
				BUNDLE_LOADER = "$(TEST_HOST)";
				CODE_SIGN_STYLE = Automatic;
				CURRENT_PROJECT_VERSION = 1;
				DEVELOPMENT_TEAM = FFTQ97Y8M6;
				GENERATE_INFOPLIST_FILE = YES;
				IPHONEOS_DEPLOYMENT_TARGET = 26.5;
				MARKETING_VERSION = 1.0;
				PRODUCT_BUNDLE_IDENTIFIER = com.ramilen.NativeMaintenanceNoteTests;
				PRODUCT_NAME = "$(TARGET_NAME)";
				STRING_CATALOG_GENERATE_SYMBOLS = NO;
				SWIFT_APPROACHABLE_CONCURRENCY = YES;
				SWIFT_EMIT_LOC_STRINGS = NO;
				SWIFT_UPCOMING_FEATURE_MEMBER_IMPORT_VISIBILITY = YES;
				SWIFT_VERSION = 5.0;
				TARGETED_DEVICE_FAMILY = "1,2";
				TEST_HOST = "$(BUILT_PRODUCTS_DIR)/NativeMaintenanceNote.app/$(BUNDLE_EXECUTABLE_FOLDER_PATH)/NativeMaintenanceNote";
			};
			name = Release;
		};
		DE23BC5630239EB6001CDBAA /* Debug */ = {
			isa = XCBuildConfiguration;
			buildSettings = {
				CODE_SIGN_STYLE = Automatic;
				CURRENT_PROJECT_VERSION = 1;
				DEVELOPMENT_TEAM = FFTQ97Y8M6;
				GENERATE_INFOPLIST_FILE = YES;
				MARKETING_VERSION = 1.0;
				PRODUCT_BUNDLE_IDENTIFIER = com.ramilen.NativeMaintenanceNoteUITests;
				PRODUCT_NAME = "$(TARGET_NAME)";
				STRING_CATALOG_GENERATE_SYMBOLS = NO;
				SWIFT_APPROACHABLE_CONCURRENCY = YES;
				SWIFT_EMIT_LOC_STRINGS = NO;
				SWIFT_UPCOMING_FEATURE_MEMBER_IMPORT_VISIBILITY = YES;
				SWIFT_VERSION = 5.0;
				TARGETED_DEVICE_FAMILY = "1,2";
				TEST_TARGET_NAME = NativeMaintenanceNote;
			};
			name = Debug;
		};
		DE23BC5730239EB6001CDBAA /* Release */ = {
			isa = XCBuildConfiguration;
			buildSettings = {
				CODE_SIGN_STYLE = Automatic;
				CURRENT_PROJECT_VERSION = 1;
				DEVELOPMENT_TEAM = FFTQ97Y8M6;
				GENERATE_INFOPLIST_FILE = YES;
				MARKETING_VERSION = 1.0;
				PRODUCT_BUNDLE_IDENTIFIER = com.ramilen.NativeMaintenanceNoteUITests;
				PRODUCT_NAME = "$(TARGET_NAME)";
				STRING_CATALOG_GENERATE_SYMBOLS = NO;
				SWIFT_APPROACHABLE_CONCURRENCY = YES;
				SWIFT_EMIT_LOC_STRINGS = NO;
				SWIFT_UPCOMING_FEATURE_MEMBER_IMPORT_VISIBILITY = YES;
				SWIFT_VERSION = 5.0;
				TARGETED_DEVICE_FAMILY = "1,2";
				TEST_TARGET_NAME = NativeMaintenanceNote;
			};
			name = Release;
		};
/* End XCBuildConfiguration section */

/* Begin XCConfigurationList section */
		DE23BC2730239EB4001CDBAA /* Build configuration list for PBXProject "NativeMaintenanceNote" */ = {
			isa = XCConfigurationList;
			buildConfigurations = (
				DE23BC4D30239EB6001CDBAA /* Debug */,
				DE23BC4E30239EB6001CDBAA /* Release */,
			);
			defaultConfigurationIsVisible = 0;
			defaultConfigurationName = Release;
		};
		DE23BC4F30239EB6001CDBAA /* Build configuration list for PBXNativeTarget "NativeMaintenanceNote" */ = {
			isa = XCConfigurationList;
			buildConfigurations = (
				DE23BC5030239EB6001CDBAA /* Debug */,
				DE23BC5130239EB6001CDBAA /* Release */,
			);
			defaultConfigurationIsVisible = 0;
			defaultConfigurationName = Release;
		};
		DE23BC5230239EB6001CDBAA /* Build configuration list for PBXNativeTarget "NativeMaintenanceNoteTests" */ = {
			isa = XCConfigurationList;
			buildConfigurations = (
				DE23BC5330239EB6001CDBAA /* Debug */,
				DE23BC5430239EB6001CDBAA /* Release */,
			);
			defaultConfigurationIsVisible = 0;
			defaultConfigurationName = Release;
		};
		DE23BC5530239EB6001CDBAA /* Build configuration list for PBXNativeTarget "NativeMaintenanceNoteUITests" */ = {
			isa = XCConfigurationList;
			buildConfigurations = (
				DE23BC5630239EB6001CDBAA /* Debug */,
				DE23BC5730239EB6001CDBAA /* Release */,
			);
			defaultConfigurationIsVisible = 0;
			defaultConfigurationName = Release;
		};
/* End XCConfigurationList section */
	};
	rootObject = DE23BC2430239EB4001CDBAA /* Project object */;
}
